// !$*UTF8*$!
{
	archiveVersion = 1;
	classes = {
	};
	objectVersion = 46;
	objects = {

/* Begin PBXBuildFile section */
		D8466F261F7E1CE6002AF0D3 /* orbc.cpp in Sources */ = {isa = PBXBuildFile; fileRef = D8466F251F7E1CE6002AF0D3 /* orbc.cpp */; };
		D8466F3F1F7E1D01002AF0D3 /* TokenMgrError.cc in Sources */ = {isa = PBXBuildFile; fileRef = D8466F291F7E1D01002AF0D3 /* TokenMgrError.cc */; };
		D8466F401F7E1D01002AF0D3 /* Token.cc in Sources */ = {isa = PBXBuildFile; fileRef = D8466F2C1F7E1D01002AF0D3 /* Token.cc */; };
		D8466F411F7E1D01002AF0D3 /* SimpleNode.cc in Sources */ = {isa = PBXBuildFile; fileRef = D8466F2E1F7E1D01002AF0D3 /* SimpleNode.cc */; };
		D8466F421F7E1D01002AF0D3 /* ParseException.cc in Sources */ = {isa = PBXBuildFile; fileRef = D8466F301F7E1D01002AF0D3 /* ParseException.cc */; };
		D8466F431F7E1D01002AF0D3 /* OrbTokenManager.cc in Sources */ = {isa = PBXBuildFile; fileRef = D8466F341F7E1D01002AF0D3 /* OrbTokenManager.cc */; };
		D8466F441F7E1D01002AF0D3 /* Orb.cc in Sources */ = {isa = PBXBuildFile; fileRef = D8466F371F7E1D01002AF0D3 /* Orb.cc */; };
		D8466F451F7E1D01002AF0D3 /* JJTOrbState.cc in Sources */ = {isa = PBXBuildFile; fileRef = D8466F3A1F7E1D01002AF0D3 /* JJTOrbState.cc */; };
		D8466F461F7E1D01002AF0D3 /* CharStream.cc in Sources */ = {isa = PBXBuildFile; fileRef = D8466F3E1F7E1D01002AF0D3 /* CharStream.cc */; };
/* End PBXBuildFile section */

/* Begin PBXCopyFilesBuildPhase section */
		D8466F191F7E1C23002AF0D3 /* CopyFiles */ = {
			isa = PBXCopyFilesBuildPhase;
			buildActionMask = 2147483647;
			dstPath = /usr/share/man/man1/;
			dstSubfolderSpec = 0;
			files = (
			);
			runOnlyForDeploymentPostprocessing = 1;
		};
/* End PBXCopyFilesBuildPhase section */

/* Begin PBXFileReference section */
		D8466F1B1F7E1C23002AF0D3 /* orbc */ = {isa = PBXFileReference; explicitFileType = "compiled.mach-o.executable"; includeInIndex = 0; path = orbc; sourceTree = BUILT_PRODUCTS_DIR; };
		D8466F251F7E1CE6002AF0D3 /* orbc.cpp */ = {isa = PBXFileReference; fileEncoding = 4; lastKnownFileType = sourcecode.cpp.cpp; name = orbc.cpp; path = ../../../src/orbc.cpp; sourceTree = "<group>"; };
		D8466F281F7E1D01002AF0D3 /* TokenMgrError.h */ = {isa = PBXFileReference; fileEncoding = 4; lastKnownFileType = sourcecode.c.h; name = TokenMgrError.h; path = "../../../src/generated-sources/TokenMgrError.h"; sourceTree = "<group>"; };
		D8466F291F7E1D01002AF0D3 /* TokenMgrError.cc */ = {isa = PBXFileReference; fileEncoding = 4; lastKnownFileType = sourcecode.cpp.cpp; name = TokenMgrError.cc; path = "../../../src/generated-sources/TokenMgrError.cc"; sourceTree = "<group>"; };
		D8466F2A1F7E1D01002AF0D3 /* TokenManager.h */ = {isa = PBXFileReference; fileEncoding = 4; lastKnownFileType = sourcecode.c.h; name = TokenManager.h; path = "../../../src/generated-sources/TokenManager.h"; sourceTree = "<group>"; };
		D8466F2B1F7E1D01002AF0D3 /* Token.h */ = {isa = PBXFileReference; fileEncoding = 4; lastKnownFileType = sourcecode.c.h; name = Token.h; path = "../../../src/generated-sources/Token.h"; sourceTree = "<group>"; };
		D8466F2C1F7E1D01002AF0D3 /* Token.cc */ = {isa = PBXFileReference; fileEncoding = 4; lastKnownFileType = sourcecode.cpp.cpp; name = Token.cc; path = "../../../src/generated-sources/Token.cc"; sourceTree = "<group>"; };
		D8466F2D1F7E1D01002AF0D3 /* SimpleNode.h */ = {isa = PBXFileReference; fileEncoding = 4; lastKnownFileType = sourcecode.c.h; name = SimpleNode.h; path = "../../../src/generated-sources/SimpleNode.h"; sourceTree = "<group>"; };
		D8466F2E1F7E1D01002AF0D3 /* SimpleNode.cc */ = {isa = PBXFileReference; fileEncoding = 4; lastKnownFileType = sourcecode.cpp.cpp; name = SimpleNode.cc; path = "../../../src/generated-sources/SimpleNode.cc"; sourceTree = "<group>"; };
		D8466F2F1F7E1D01002AF0D3 /* ParseException.h */ = {isa = PBXFileReference; fileEncoding = 4; lastKnownFileType = sourcecode.c.h; name = ParseException.h; path = "../../../src/generated-sources/ParseException.h"; sourceTree = "<group>"; };
		D8466F301F7E1D01002AF0D3 /* ParseException.cc */ = {isa = PBXFileReference; fileEncoding = 4; lastKnownFileType = sourcecode.cpp.cpp; name = ParseException.cc; path = "../../../src/generated-sources/ParseException.cc"; sourceTree = "<group>"; };
		D8466F311F7E1D01002AF0D3 /* OrbTreeConstants.h */ = {isa = PBXFileReference; fileEncoding = 4; lastKnownFileType = sourcecode.c.h; name = OrbTreeConstants.h; path = "../../../src/generated-sources/OrbTreeConstants.h"; sourceTree = "<group>"; };
		D8466F321F7E1D01002AF0D3 /* OrbTree.h */ = {isa = PBXFileReference; fileEncoding = 4; lastKnownFileType = sourcecode.c.h; name = OrbTree.h; path = "../../../src/generated-sources/OrbTree.h"; sourceTree = "<group>"; };
		D8466F331F7E1D01002AF0D3 /* OrbTokenManager.h */ = {isa = PBXFileReference; fileEncoding = 4; lastKnownFileType = sourcecode.c.h; name = OrbTokenManager.h; path = "../../../src/generated-sources/OrbTokenManager.h"; sourceTree = "<group>"; };
		D8466F341F7E1D01002AF0D3 /* OrbTokenManager.cc */ = {isa = PBXFileReference; fileEncoding = 4; lastKnownFileType = sourcecode.cpp.cpp; name = OrbTokenManager.cc; path = "../../../src/generated-sources/OrbTokenManager.cc"; sourceTree = "<group>"; };
		D8466F351F7E1D01002AF0D3 /* OrbConstants.h */ = {isa = PBXFileReference; fileEncoding = 4; lastKnownFileType = sourcecode.c.h; name = OrbConstants.h; path = "../../../src/generated-sources/OrbConstants.h"; sourceTree = "<group>"; };
		D8466F361F7E1D01002AF0D3 /* Orb.h */ = {isa = PBXFileReference; fileEncoding = 4; lastKnownFileType = sourcecode.c.h; name = Orb.h; path = "../../../src/generated-sources/Orb.h"; sourceTree = "<group>"; };
		D8466F371F7E1D01002AF0D3 /* Orb.cc */ = {isa = PBXFileReference; fileEncoding = 4; lastKnownFileType = sourcecode.cpp.cpp; name = Orb.cc; path = "../../../src/generated-sources/Orb.cc"; sourceTree = "<group>"; };
		D8466F381F7E1D01002AF0D3 /* Node.h */ = {isa = PBXFileReference; fileEncoding = 4; lastKnownFileType = sourcecode.c.h; name = Node.h; path = "../../../src/generated-sources/Node.h"; sourceTree = "<group>"; };
		D8466F391F7E1D01002AF0D3 /* JJTOrbState.h */ = {isa = PBXFileReference; fileEncoding = 4; lastKnownFileType = sourcecode.c.h; name = JJTOrbState.h; path = "../../../src/generated-sources/JJTOrbState.h"; sourceTree = "<group>"; };
		D8466F3A1F7E1D01002AF0D3 /* JJTOrbState.cc */ = {isa = PBXFileReference; fileEncoding = 4; lastKnownFileType = sourcecode.cpp.cpp; name = JJTOrbState.cc; path = "../../../src/generated-sources/JJTOrbState.cc"; sourceTree = "<group>"; };
		D8466F3B1F7E1D01002AF0D3 /* JavaCC.h */ = {isa = PBXFileReference; fileEncoding = 4; lastKnownFileType = sourcecode.c.h; name = JavaCC.h; path = "../../../src/generated-sources/JavaCC.h"; sourceTree = "<group>"; };
		D8466F3C1F7E1D01002AF0D3 /* ErrorHandler.h */ = {isa = PBXFileReference; fileEncoding = 4; lastKnownFileType = sourcecode.c.h; name = ErrorHandler.h; path = "../../../src/generated-sources/ErrorHandler.h"; sourceTree = "<group>"; };
		D8466F3D1F7E1D01002AF0D3 /* CharStream.h */ = {isa = PBXFileReference; fileEncoding = 4; lastKnownFileType = sourcecode.c.h; name = CharStream.h; path = "../../../src/generated-sources/CharStream.h"; sourceTree = "<group>"; };
		D8466F3E1F7E1D01002AF0D3 /* CharStream.cc */ = {isa = PBXFileReference; fileEncoding = 4; lastKnownFileType = sourcecode.cpp.cpp; name = CharStream.cc; path = "../../../src/generated-sources/CharStream.cc"; sourceTree = "<group>"; };
		D8466F471F7E22BE002AF0D3 /* orbc.h */ = {isa = PBXFileReference; lastKnownFileType = sourcecode.c.h; name = orbc.h; path = ../../../src/orbc.h; sourceTree = "<group>"; };
/* End PBXFileReference section */

/* Begin PBXFrameworksBuildPhase section */
		D8466F181F7E1C23002AF0D3 /* Frameworks */ = {
			isa = PBXFrameworksBuildPhase;
			buildActionMask = 2147483647;
			files = (
			);
			runOnlyForDeploymentPostprocessing = 0;
		};
/* End PBXFrameworksBuildPhase section */

/* Begin PBXGroup section */
		D8466F121F7E1C23002AF0D3 = {
			isa = PBXGroup;
			children = (
				D8466F1D1F7E1C23002AF0D3 /* orbc */,
				D8466F1C1F7E1C23002AF0D3 /* Products */,
			);
			sourceTree = "<group>";
			usesTabs = 1;
		};
		D8466F1C1F7E1C23002AF0D3 /* Products */ = {
			isa = PBXGroup;
			children = (
				D8466F1B1F7E1C23002AF0D3 /* orbc */,
			);
			name = Products;
			sourceTree = "<group>";
		};
		D8466F1D1F7E1C23002AF0D3 /* orbc */ = {
			isa = PBXGroup;
			children = (
				D8466F271F7E1CEE002AF0D3 /* generated-sources */,
				D8466F251F7E1CE6002AF0D3 /* orbc.cpp */,
				D8466F471F7E22BE002AF0D3 /* orbc.h */,
			);
			path = orbc;
			sourceTree = "<group>";
		};
		D8466F271F7E1CEE002AF0D3 /* generated-sources */ = {
			isa = PBXGroup;
			children = (
				D8466F281F7E1D01002AF0D3 /* TokenMgrError.h */,
				D8466F291F7E1D01002AF0D3 /* TokenMgrError.cc */,
				D8466F2A1F7E1D01002AF0D3 /* TokenManager.h */,
				D8466F2B1F7E1D01002AF0D3 /* Token.h */,
				D8466F2C1F7E1D01002AF0D3 /* Token.cc */,
				D8466F2D1F7E1D01002AF0D3 /* SimpleNode.h */,
				D8466F2E1F7E1D01002AF0D3 /* SimpleNode.cc */,
				D8466F2F1F7E1D01002AF0D3 /* ParseException.h */,
				D8466F301F7E1D01002AF0D3 /* ParseException.cc */,
				D8466F311F7E1D01002AF0D3 /* OrbTreeConstants.h */,
				D8466F321F7E1D01002AF0D3 /* OrbTree.h */,
				D8466F331F7E1D01002AF0D3 /* OrbTokenManager.h */,
				D8466F341F7E1D01002AF0D3 /* OrbTokenManager.cc */,
				D8466F351F7E1D01002AF0D3 /* OrbConstants.h */,
				D8466F361F7E1D01002AF0D3 /* Orb.h */,
				D8466F371F7E1D01002AF0D3 /* Orb.cc */,
				D8466F381F7E1D01002AF0D3 /* Node.h */,
				D8466F391F7E1D01002AF0D3 /* JJTOrbState.h */,
				D8466F3A1F7E1D01002AF0D3 /* JJTOrbState.cc */,
				D8466F3B1F7E1D01002AF0D3 /* JavaCC.h */,
				D8466F3C1F7E1D01002AF0D3 /* ErrorHandler.h */,
				D8466F3D1F7E1D01002AF0D3 /* CharStream.h */,
				D8466F3E1F7E1D01002AF0D3 /* CharStream.cc */,
			);
			name = "generated-sources";
			sourceTree = "<group>";
		};
/* End PBXGroup section */

/* Begin PBXNativeTarget section */
		D8466F1A1F7E1C23002AF0D3 /* orbc */ = {
			isa = PBXNativeTarget;
			buildConfigurationList = D8466F221F7E1C23002AF0D3 /* Build configuration list for PBXNativeTarget "orbc" */;
			buildPhases = (
				D8466F171F7E1C23002AF0D3 /* Sources */,
				D8466F181F7E1C23002AF0D3 /* Frameworks */,
				D8466F191F7E1C23002AF0D3 /* CopyFiles */,
			);
			buildRules = (
			);
			dependencies = (
			);
			name = orbc;
			productName = orbc;
			productReference = D8466F1B1F7E1C23002AF0D3 /* orbc */;
			productType = "com.apple.product-type.tool";
		};
/* End PBXNativeTarget section */

/* Begin PBXProject section */
		D8466F131F7E1C23002AF0D3 /* Project object */ = {
			isa = PBXProject;
			attributes = {
				LastUpgradeCheck = 0810;
				ORGANIZATIONNAME = Mervin;
				TargetAttributes = {
					D8466F1A1F7E1C23002AF0D3 = {
						CreatedOnToolsVersion = 8.1;
						ProvisioningStyle = Automatic;
					};
				};
			};
			buildConfigurationList = D8466F161F7E1C23002AF0D3 /* Build configuration list for PBXProject "orbc" */;
			compatibilityVersion = "Xcode 3.2";
			developmentRegion = English;
			hasScannedForEncodings = 0;
			knownRegions = (
				en,
			);
			mainGroup = D8466F121F7E1C23002AF0D3;
			productRefGroup = D8466F1C1F7E1C23002AF0D3 /* Products */;
			projectDirPath = "";
			projectRoot = "";
			targets = (
				D8466F1A1F7E1C23002AF0D3 /* orbc */,
			);
		};
/* End PBXProject section */

/* Begin PBXSourcesBuildPhase section */
		D8466F171F7E1C23002AF0D3 /* Sources */ = {
			isa = PBXSourcesBuildPhase;
			buildActionMask = 2147483647;
			files = (
				D8466F401F7E1D01002AF0D3 /* Token.cc in Sources */,
				D8466F411F7E1D01002AF0D3 /* SimpleNode.cc in Sources */,
				D8466F421F7E1D01002AF0D3 /* ParseException.cc in Sources */,
				D8466F441F7E1D01002AF0D3 /* Orb.cc in Sources */,
				D8466F261F7E1CE6002AF0D3 /* orbc.cpp in Sources */,
				D8466F3F1F7E1D01002AF0D3 /* TokenMgrError.cc in Sources */,
				D8466F451F7E1D01002AF0D3 /* JJTOrbState.cc in Sources */,
				D8466F431F7E1D01002AF0D3 /* OrbTokenManager.cc in Sources */,
				D8466F461F7E1D01002AF0D3 /* CharStream.cc in Sources */,
			);
			runOnlyForDeploymentPostprocessing = 0;
		};
/* End PBXSourcesBuildPhase section */

/* Begin XCBuildConfiguration section */
		D8466F201F7E1C23002AF0D3 /* Debug */ = {
			isa = XCBuildConfiguration;
			buildSettings = {
				ALWAYS_SEARCH_USER_PATHS = NO;
				CLANG_ANALYZER_NONNULL = YES;
				CLANG_CXX_LANGUAGE_STANDARD = "gnu++0x";
				CLANG_CXX_LIBRARY = "libc++";
				CLANG_ENABLE_MODULES = YES;
				CLANG_ENABLE_OBJC_ARC = YES;
				CLANG_WARN_BOOL_CONVERSION = YES;
				CLANG_WARN_CONSTANT_CONVERSION = YES;
				CLANG_WARN_DIRECT_OBJC_ISA_USAGE = YES_ERROR;
				CLANG_WARN_DOCUMENTATION_COMMENTS = YES;
				CLANG_WARN_EMPTY_BODY = YES;
				CLANG_WARN_ENUM_CONVERSION = YES;
				CLANG_WARN_INFINITE_RECURSION = YES;
				CLANG_WARN_INT_CONVERSION = YES;
				CLANG_WARN_OBJC_ROOT_CLASS = YES_ERROR;
				CLANG_WARN_SUSPICIOUS_MOVES = YES;
				CLANG_WARN_UNREACHABLE_CODE = YES;
				CLANG_WARN__DUPLICATE_METHOD_MATCH = YES;
				CODE_SIGN_IDENTITY = "-";
				COPY_PHASE_STRIP = NO;
				DEBUG_INFORMATION_FORMAT = dwarf;
				ENABLE_STRICT_OBJC_MSGSEND = YES;
				ENABLE_TESTABILITY = YES;
				GCC_C_LANGUAGE_STANDARD = gnu99;
				GCC_DYNAMIC_NO_PIC = NO;
				GCC_NO_COMMON_BLOCKS = YES;
				GCC_OPTIMIZATION_LEVEL = 0;
				GCC_PREPROCESSOR_DEFINITIONS = (
					"DEBUG=1",
					"$(inherited)",
				);
				GCC_WARN_64_TO_32_BIT_CONVERSION = YES;
				GCC_WARN_ABOUT_RETURN_TYPE = YES_ERROR;
				GCC_WARN_UNDECLARED_SELECTOR = YES;
				GCC_WARN_UNINITIALIZED_AUTOS = YES_AGGRESSIVE;
				GCC_WARN_UNUSED_FUNCTION = YES;
				GCC_WARN_UNUSED_VARIABLE = YES;
				MACOSX_DEPLOYMENT_TARGET = 10.11;
				MTL_ENABLE_DEBUG_INFO = YES;
				ONLY_ACTIVE_ARCH = YES;
				SDKROOT = macosx;
			};
			name = Debug;
		};
		D8466F211F7E1C23002AF0D3 /* Release */ = {
			isa = XCBuildConfiguration;
			buildSettings = {
				ALWAYS_SEARCH_USER_PATHS = NO;
				CLANG_ANALYZER_NONNULL = YES;
				CLANG_CXX_LANGUAGE_STANDARD = "gnu++0x";
				CLANG_CXX_LIBRARY = "libc++";
				CLANG_ENABLE_MODULES = YES;
				CLANG_ENABLE_OBJC_ARC = YES;
				CLANG_WARN_BOOL_CONVERSION = YES;
				CLANG_WARN_CONSTANT_CONVERSION = YES;
				CLANG_WARN_DIRECT_OBJC_ISA_USAGE = YES_ERROR;
				CLANG_WARN_DOCUMENTATION_COMMENTS = YES;
				CLANG_WARN_EMPTY_BODY = YES;
				CLANG_WARN_ENUM_CONVERSION = YES;
				CLANG_WARN_INFINITE_RECURSION = YES;
				CLANG_WARN_INT_CONVERSION = YES;
				CLANG_WARN_OBJC_ROOT_CLASS = YES_ERROR;
				CLANG_WARN_SUSPICIOUS_MOVES = YES;
				CLANG_WARN_UNREACHABLE_CODE = YES;
				CLANG_WARN__DUPLICATE_METHOD_MATCH = YES;
				CODE_SIGN_IDENTITY = "-";
				COPY_PHASE_STRIP = NO;
				DEBUG_INFORMATION_FORMAT = "dwarf-with-dsym";
				ENABLE_NS_ASSERTIONS = NO;
				ENABLE_STRICT_OBJC_MSGSEND = YES;
				GCC_C_LANGUAGE_STANDARD = gnu99;
				GCC_NO_COMMON_BLOCKS = YES;
				GCC_WARN_64_TO_32_BIT_CONVERSION = YES;
				GCC_WARN_ABOUT_RETURN_TYPE = YES_ERROR;
				GCC_WARN_UNDECLARED_SELECTOR = YES;
				GCC_WARN_UNINITIALIZED_AUTOS = YES_AGGRESSIVE;
				GCC_WARN_UNUSED_FUNCTION = YES;
				GCC_WARN_UNUSED_VARIABLE = YES;
				MACOSX_DEPLOYMENT_TARGET = 10.11;
				MTL_ENABLE_DEBUG_INFO = NO;
				SDKROOT = macosx;
			};
			name = Release;
		};
		D8466F231F7E1C23002AF0D3 /* Debug */ = {
			isa = XCBuildConfiguration;
			buildSettings = {
				PRODUCT_NAME = "$(TARGET_NAME)";
			};
			name = Debug;
		};
		D8466F241F7E1C23002AF0D3 /* Release */ = {
			isa = XCBuildConfiguration;
			buildSettings = {
				PRODUCT_NAME = "$(TARGET_NAME)";
			};
			name = Release;
		};
/* End XCBuildConfiguration section */

/* Begin XCConfigurationList section */
		D8466F161F7E1C23002AF0D3 /* Build configuration list for PBXProject "orbc" */ = {
			isa = XCConfigurationList;
			buildConfigurations = (
				D8466F201F7E1C23002AF0D3 /* Debug */,
				D8466F211F7E1C23002AF0D3 /* Release */,
			);
			defaultConfigurationIsVisible = 0;
			defaultConfigurationName = Release;
		};
		D8466F221F7E1C23002AF0D3 /* Build configuration list for PBXNativeTarget "orbc" */ = {
			isa = XCConfigurationList;
			buildConfigurations = (
				D8466F231F7E1C23002AF0D3 /* Debug */,
				D8466F241F7E1C23002AF0D3 /* Release */,
			);
			defaultConfigurationIsVisible = 0;
		};
/* End XCConfigurationList section */
	};
	rootObject = D8466F131F7E1C23002AF0D3 /* Project object */;
}
