<?xml version="1.0" encoding="utf-8"?>
<Project ToolsVersion="4.0" xmlns="http://schemas.microsoft.com/developer/msbuild/2003">
  <ItemGroup>
    <Filter Include="Source Files">
      <UniqueIdentifier>{4FC737F1-C7A5-4376-A066-2A32D752A2FF}</UniqueIdentifier>
      <Extensions>cpp;c;cc;cxx;def;odl;idl;hpj;bat;asm;asmx</Extensions>
    </Filter>
    <Filter Include="Header Files">
      <UniqueIdentifier>{93995380-89BD-4b04-88EB-625FBE52EBFB}</UniqueIdentifier>
      <Extensions>h;hh;hpp;hxx;hm;inl;inc;xsd</Extensions>
    </Filter>
    <Filter Include="Resource Files">
      <UniqueIdentifier>{67DA6AB6-F800-4c08-8B7A-83BB121AAD01}</UniqueIdentifier>
      <Extensions>rc;ico;cur;bmp;dlg;rc2;rct;bin;rgs;gif;jpg;jpeg;jpe;resx;tiff;tif;png;wav;mfcribbon-ms</Extensions>
    </Filter>
    <Filter Include="generated-sources">
      <UniqueIdentifier>{b948504e-cbf1-4386-afa8-f1b1e9ef3079}</UniqueIdentifier>
    </Filter>
  </ItemGroup>
  <ItemGroup>
    <ClCompile Include="..\..\src\orbc.cpp">
      <Filter>Source Files</Filter>
    </ClCompile>
    <ClCompile Include="..\..\src\generated-sources\ParseException.cc">
      <Filter>generated-sources</Filter>
    </ClCompile>
    <ClCompile Include="..\..\src\generated-sources\SimpleNode.cc">
      <Filter>generated-sources</Filter>
    </ClCompile>
    <ClCompile Include="..\..\src\generated-sources\Token.cc">
      <Filter>generated-sources</Filter>
    </ClCompile>
    <ClCompile Include="..\..\src\generated-sources\TokenMgrError.cc">
      <Filter>generated-sources</Filter>
    </ClCompile>
    <ClCompile Include="..\..\src\generated-sources\CharStream.cc">
      <Filter>generated-sources</Filter>
    </ClCompile>
    <ClCompile Include="..\..\src\generated-sources\JJTOrbState.cc">
      <Filter>generated-sources</Filter>
    </ClCompile>
    <ClCompile Include="..\..\src\generated-sources\Orb.cc">
      <Filter>generated-sources</Filter>
    </ClCompile>
    <ClCompile Include="..\..\src\generated-sources\OrbTokenManager.cc">
      <Filter>generated-sources</Filter>
    </ClCompile>
  </ItemGroup>
  <ItemGroup>
    <ClInclude Include="..\..\src\orbc.h">
      <Filter>Header Files</Filter>
    </ClInclude>
    <ClInclude Include="..\..\src\generated-sources\OrbTree.h">
      <Filter>generated-sources</Filter>
    </ClInclude>
    <ClInclude Include="..\..\src\generated-sources\OrbTreeConstants.h">
      <Filter>generated-sources</Filter>
    </ClInclude>
    <ClInclude Include="..\..\src\generated-sources\ParseException.h">
      <Filter>generated-sources</Filter>
    </ClInclude>
    <ClInclude Include="..\..\src\generated-sources\SimpleNode.h">
      <Filter>generated-sources</Filter>
    </ClInclude>
    <ClInclude Include="..\..\src\generated-sources\Token.h">
      <Filter>generated-sources</Filter>
    </ClInclude>
    <ClInclude Include="..\..\src\generated-sources\TokenManager.h">
      <Filter>generated-sources</Filter>
    </ClInclude>
    <ClInclude Include="..\..\src\generated-sources\TokenMgrError.h">
      <Filter>generated-sources</Filter>
    </ClInclude>
    <ClInclude Include="..\..\src\generated-sources\CharStream.h">
      <Filter>generated-sources</Filter>
    </ClInclude>
    <ClInclude Include="..\..\src\generated-sources\ErrorHandler.h">
      <Filter>generated-sources</Filter>
    </ClInclude>
    <ClInclude Include="..\..\src\generated-sources\JavaCC.h">
      <Filter>generated-sources</Filter>
    </ClInclude>
    <ClInclude Include="..\..\src\generated-sources\JJTOrbState.h">
      <Filter>generated-sources</Filter>
    </ClInclude>
    <ClInclude Include="..\..\src\generated-sources\Node.h">
      <Filter>generated-sources</Filter>
    </ClInclude>
    <ClInclude Include="..\..\src\generated-sources\Orb.h">
      <Filter>generated-sources</Filter>
    </ClInclude>
    <ClInclude Include="..\..\src\generated-sources\OrbConstants.h">
      <Filter>generated-sources</Filter>
    </ClInclude>
    <ClInclude Include="..\..\src\generated-sources\OrbTokenManager.h">
      <Filter>generated-sources</Filter>
    </ClInclude>
  </ItemGroup>
</Project>